
Microsoft Visual Studio Solution File, Format Version 12.00
# Visual Studio Version 17
VisualStudioVersion = 17.0.32014.148
MinimumVisualStudioVersion = 10.0.40219.1
Project("{9A19103F-16F7-4668-BE54-9A1E7A4F7556}") = "Inventory.Grpc", "Inventory.Grpc\Inventory.Grpc.csproj", "{CA11C979-FB95-4666-B4F8-B9115BDB5C73}"
EndProject
Global
	GlobalSection(SolutionConfigurationPlatforms) = preSolution
		Debug|Any CPU = Debug|Any CPU
		Release|Any CPU = Release|Any CPU
	EndGlobalSection
	GlobalSection(ProjectConfigurationPlatforms) = postSolution
		{CA11C979-FB95-4666-B4F8-B9115BDB5C73}.Debug|Any CPU.ActiveCfg = Debug|Any CPU
		{CA11C979-FB95-4666-B4F8-B9115BDB5C73}.Debug|Any CPU.Build.0 = Debug|Any CPU
		{CA11C979-FB95-4666-B4F8-B9115BDB5C73}.Release|Any CPU.ActiveCfg = Release|Any CPU
		{CA11C979-FB95-4666-B4F8-B9115BDB5C73}.Release|Any CPU.Build.0 = Release|Any CPU
	EndGlobalSection
	GlobalSection(SolutionProperties) = preSolution
		HideSolutionNode = FALSE
	EndGlobalSection
	GlobalSection(ExtensibilityGlobals) = postSolution
		SolutionGuid = {D8902B6A-F828-4FE7-8117-B0265B7EFD8A}
	EndGlobalSection
EndGlobal
