
Microsoft Visual Studio Solution File, Format Version 12.00
# Visual Studio Version 17
VisualStudioVersion = 17.0.32014.148
MinimumVisualStudioVersion = 10.0.40219.1
Project("{2150E333-8FDC-42A3-9474-1A3956D46DE8}") = "src", "src", "{B7B14343-B28A-4AD6-9AE7-D32DAF9D4979}"
	ProjectSection(SolutionItems) = preProject
		src\docker-compose.override.yml = src\docker-compose.override.yml
	EndProjectSection
EndProject
Project("{2150E333-8FDC-42A3-9474-1A3956D46DE8}") = "tests", "tests", "{FB86AA03-E8A2-4818-AF23-306BF46D033A}"
EndProject
Project("{2150E333-8FDC-42A3-9474-1A3956D46DE8}") = "ApiGateways", "ApiGateways", "{522B8D60-39DD-4772-A319-D997637DFE40}"
EndProject
Project("{2150E333-8FDC-42A3-9474-1A3956D46DE8}") = "Services", "Services", "{5796251B-B46F-428F-A989-81582AB63ACD}"
EndProject
Project("{2150E333-8FDC-42A3-9474-1A3956D46DE8}") = "WebApps", "WebApps", "{4EA377C5-68E2-4658-A08C-9DD7445CFFF9}"
EndProject
Project("{2150E333-8FDC-42A3-9474-1A3956D46DE8}") = "Product", "Product", "{05677CD5-091F-4693-85A5-15F5D94D1E84}"
EndProject
Project("{2150E333-8FDC-42A3-9474-1A3956D46DE8}") = "Customer", "Customer", "{940A98E9-C3F3-4A96-BD34-F3201D5286E9}"
EndProject
Project("{2150E333-8FDC-42A3-9474-1A3956D46DE8}") = "Ordering", "Ordering", "{C7ECB6A6-87EC-4C44-85BF-A74A124B214F}"
EndProject
Project("{2150E333-8FDC-42A3-9474-1A3956D46DE8}") = "Basket", "Basket", "{44E9306D-1547-4CC4-996F-0969335BD35A}"
EndProject
Project("{2150E333-8FDC-42A3-9474-1A3956D46DE8}") = "Inventory", "Inventory", "{1AE82C1C-5DFA-43BA-B732-09C4A85BC32B}"
EndProject
Project("{2150E333-8FDC-42A3-9474-1A3956D46DE8}") = "BuildingBlocks", "BuildingBlocks", "{B738F5DC-AA15-4AE9-86F2-10D46EFCFBA8}"
EndProject
Project("{2150E333-8FDC-42A3-9474-1A3956D46DE8}") = "ScheduledJob", "ScheduledJob", "{5DD31159-3CD8-4FB6-9F02-1961478B1954}"
EndProject
Project("{9A19103F-16F7-4668-BE54-9A1E7A4F7556}") = "OcelotApiGetways", "src\ApiGetways\OcelotApiGetways\OcelotApiGetways.csproj", "{26FE1ED9-46A9-4A40-B873-8D0644FB5830}"
EndProject
Project("{2150E333-8FDC-42A3-9474-1A3956D46DE8}") = "Common.Logging", "Common.Logging", "{2741FE8F-9AA2-4EAB-B43D-D43CCFCFD1F4}"
EndProject
Project("{2150E333-8FDC-42A3-9474-1A3956D46DE8}") = "Contracts", "Contracts", "{0DE6A719-8E7C-4F88-AC34-3EAA7E7DBD7E}"
EndProject
Project("{2150E333-8FDC-42A3-9474-1A3956D46DE8}") = "EventBus.Messages", "EventBus.Messages", "{5C03D732-B8CB-4C52-BB9A-E3986ED18162}"
EndProject
Project("{2150E333-8FDC-42A3-9474-1A3956D46DE8}") = "Infrastructure", "Infrastructure", "{42E1F991-548D-4634-8935-B7F714EA3759}"
EndProject
Project("{2150E333-8FDC-42A3-9474-1A3956D46DE8}") = "Shared", "Shared", "{ACEE1520-2A80-4D8B-AB95-1DA674B0376D}"
EndProject
Project("{9A19103F-16F7-4668-BE54-9A1E7A4F7556}") = "Common.Logging", "src\BuildingBlocks\Common.Logging\Common.Logging.csproj", "{05792123-7D2B-458A-A5E7-EC2CC318C5E3}"
EndProject
Project("{9A19103F-16F7-4668-BE54-9A1E7A4F7556}") = "Contracts", "src\BuildingBlocks\Contracts\Contracts.csproj", "{4854FE39-CD23-4D7D-BF8D-151C2034F80E}"
EndProject
Project("{9A19103F-16F7-4668-BE54-9A1E7A4F7556}") = "EventBus.Messages", "src\BuildingBlocks\EventBus.Messages\EventBus.Messages.csproj", "{E1A187C3-1FCA-4414-8295-C7C4BC7C5A76}"
EndProject
Project("{9A19103F-16F7-4668-BE54-9A1E7A4F7556}") = "Infrastructure", "src\BuildingBlocks\Infrastructure\Infrastructure.csproj", "{47062599-FA0F-443E-B75F-EC658ECAD863}"
EndProject
Project("{9A19103F-16F7-4668-BE54-9A1E7A4F7556}") = "Shared", "src\BuildingBlocks\Shared\Shared.csproj", "{0363B48F-E486-43ED-A22E-9A0CA4B8F111}"
EndProject
Project("{2150E333-8FDC-42A3-9474-1A3956D46DE8}") = "WebHealthStatus", "WebHealthStatus", "{8B3D01EF-62BB-4E75-AA22-E75351FB8760}"
EndProject
Project("{9A19103F-16F7-4668-BE54-9A1E7A4F7556}") = "WebHealthStatus", "src\WebApps\WebHealthStatus\WebHealthStatus.csproj", "{F93E2DEA-32E3-43DB-A58B-6D7021B7FFD2}"
EndProject
Project("{9A19103F-16F7-4668-BE54-9A1E7A4F7556}") = "Basket.API", "src\Services\Basket\Basket.API\Basket.API.csproj", "{91072E93-CB01-4027-9A8C-342B9CCABE25}"
EndProject
Project("{9A19103F-16F7-4668-BE54-9A1E7A4F7556}") = "Customer.API", "src\Services\Customer\Customer.API\Customer.API.csproj", "{F3311CD8-2880-4725-8842-0C30B8CC8C1E}"
EndProject
Project("{9A19103F-16F7-4668-BE54-9A1E7A4F7556}") = "Inventory.Product.API", "src\Services\Inventory\Inventory.Product.API\Inventory.Product.API.csproj", "{4445846E-5B73-4A57-A44A-515E725775E5}"
EndProject
Project("{9A19103F-16F7-4668-BE54-9A1E7A4F7556}") = "Ordering.API", "src\Services\Ordering\Ordering.API\Ordering.API.csproj", "{2900CF3A-091B-4078-BAD2-68D0CA775BAE}"
EndProject
Project("{9A19103F-16F7-4668-BE54-9A1E7A4F7556}") = "Product.API", "src\Services\Product\Product.API\Product.API.csproj", "{0329415D-5F0D-41ED-A9B1-A01E3673C96B}"
EndProject
Project("{9A19103F-16F7-4668-BE54-9A1E7A4F7556}") = "Hangfire.API", "src\Services\ScheduledJob\Hangfire.API\Hangfire.API.csproj", "{EF7A653A-490A-48BB-8891-87D50ABAD496}"
EndProject
Global
	GlobalSection(SolutionConfigurationPlatforms) = preSolution
		Debug|Any CPU = Debug|Any CPU
		Release|Any CPU = Release|Any CPU
	EndGlobalSection
	GlobalSection(ProjectConfigurationPlatforms) = postSolution
		{26FE1ED9-46A9-4A40-B873-8D0644FB5830}.Debug|Any CPU.ActiveCfg = Debug|Any CPU
		{26FE1ED9-46A9-4A40-B873-8D0644FB5830}.Debug|Any CPU.Build.0 = Debug|Any CPU
		{26FE1ED9-46A9-4A40-B873-8D0644FB5830}.Release|Any CPU.ActiveCfg = Release|Any CPU
		{26FE1ED9-46A9-4A40-B873-8D0644FB5830}.Release|Any CPU.Build.0 = Release|Any CPU
		{05792123-7D2B-458A-A5E7-EC2CC318C5E3}.Debug|Any CPU.ActiveCfg = Debug|Any CPU
		{05792123-7D2B-458A-A5E7-EC2CC318C5E3}.Debug|Any CPU.Build.0 = Debug|Any CPU
		{05792123-7D2B-458A-A5E7-EC2CC318C5E3}.Release|Any CPU.ActiveCfg = Release|Any CPU
		{05792123-7D2B-458A-A5E7-EC2CC318C5E3}.Release|Any CPU.Build.0 = Release|Any CPU
		{4854FE39-CD23-4D7D-BF8D-151C2034F80E}.Debug|Any CPU.ActiveCfg = Debug|Any CPU
		{4854FE39-CD23-4D7D-BF8D-151C2034F80E}.Debug|Any CPU.Build.0 = Debug|Any CPU
		{4854FE39-CD23-4D7D-BF8D-151C2034F80E}.Release|Any CPU.ActiveCfg = Release|Any CPU
		{4854FE39-CD23-4D7D-BF8D-151C2034F80E}.Release|Any CPU.Build.0 = Release|Any CPU
		{E1A187C3-1FCA-4414-8295-C7C4BC7C5A76}.Debug|Any CPU.ActiveCfg = Debug|Any CPU
		{E1A187C3-1FCA-4414-8295-C7C4BC7C5A76}.Debug|Any CPU.Build.0 = Debug|Any CPU
		{E1A187C3-1FCA-4414-8295-C7C4BC7C5A76}.Release|Any CPU.ActiveCfg = Release|Any CPU
		{E1A187C3-1FCA-4414-8295-C7C4BC7C5A76}.Release|Any CPU.Build.0 = Release|Any CPU
		{47062599-FA0F-443E-B75F-EC658ECAD863}.Debug|Any CPU.ActiveCfg = Debug|Any CPU
		{47062599-FA0F-443E-B75F-EC658ECAD863}.Debug|Any CPU.Build.0 = Debug|Any CPU
		{47062599-FA0F-443E-B75F-EC658ECAD863}.Release|Any CPU.ActiveCfg = Release|Any CPU
		{47062599-FA0F-443E-B75F-EC658ECAD863}.Release|Any CPU.Build.0 = Release|Any CPU
		{0363B48F-E486-43ED-A22E-9A0CA4B8F111}.Debug|Any CPU.ActiveCfg = Debug|Any CPU
		{0363B48F-E486-43ED-A22E-9A0CA4B8F111}.Debug|Any CPU.Build.0 = Debug|Any CPU
		{0363B48F-E486-43ED-A22E-9A0CA4B8F111}.Release|Any CPU.ActiveCfg = Release|Any CPU
		{0363B48F-E486-43ED-A22E-9A0CA4B8F111}.Release|Any CPU.Build.0 = Release|Any CPU
		{F93E2DEA-32E3-43DB-A58B-6D7021B7FFD2}.Debug|Any CPU.ActiveCfg = Debug|Any CPU
		{F93E2DEA-32E3-43DB-A58B-6D7021B7FFD2}.Debug|Any CPU.Build.0 = Debug|Any CPU
		{F93E2DEA-32E3-43DB-A58B-6D7021B7FFD2}.Release|Any CPU.ActiveCfg = Release|Any CPU
		{F93E2DEA-32E3-43DB-A58B-6D7021B7FFD2}.Release|Any CPU.Build.0 = Release|Any CPU
		{91072E93-CB01-4027-9A8C-342B9CCABE25}.Debug|Any CPU.ActiveCfg = Debug|Any CPU
		{91072E93-CB01-4027-9A8C-342B9CCABE25}.Debug|Any CPU.Build.0 = Debug|Any CPU
		{91072E93-CB01-4027-9A8C-342B9CCABE25}.Release|Any CPU.ActiveCfg = Release|Any CPU
		{91072E93-CB01-4027-9A8C-342B9CCABE25}.Release|Any CPU.Build.0 = Release|Any CPU
		{F3311CD8-2880-4725-8842-0C30B8CC8C1E}.Debug|Any CPU.ActiveCfg = Debug|Any CPU
		{F3311CD8-2880-4725-8842-0C30B8CC8C1E}.Debug|Any CPU.Build.0 = Debug|Any CPU
		{F3311CD8-2880-4725-8842-0C30B8CC8C1E}.Release|Any CPU.ActiveCfg = Release|Any CPU
		{F3311CD8-2880-4725-8842-0C30B8CC8C1E}.Release|Any CPU.Build.0 = Release|Any CPU
		{4445846E-5B73-4A57-A44A-515E725775E5}.Debug|Any CPU.ActiveCfg = Debug|Any CPU
		{4445846E-5B73-4A57-A44A-515E725775E5}.Debug|Any CPU.Build.0 = Debug|Any CPU
		{4445846E-5B73-4A57-A44A-515E725775E5}.Release|Any CPU.ActiveCfg = Release|Any CPU
		{4445846E-5B73-4A57-A44A-515E725775E5}.Release|Any CPU.Build.0 = Release|Any CPU
		{2900CF3A-091B-4078-BAD2-68D0CA775BAE}.Debug|Any CPU.ActiveCfg = Debug|Any CPU
		{2900CF3A-091B-4078-BAD2-68D0CA775BAE}.Debug|Any CPU.Build.0 = Debug|Any CPU
		{2900CF3A-091B-4078-BAD2-68D0CA775BAE}.Release|Any CPU.ActiveCfg = Release|Any CPU
		{2900CF3A-091B-4078-BAD2-68D0CA775BAE}.Release|Any CPU.Build.0 = Release|Any CPU
		{0329415D-5F0D-41ED-A9B1-A01E3673C96B}.Debug|Any CPU.ActiveCfg = Debug|Any CPU
		{0329415D-5F0D-41ED-A9B1-A01E3673C96B}.Debug|Any CPU.Build.0 = Debug|Any CPU
		{0329415D-5F0D-41ED-A9B1-A01E3673C96B}.Release|Any CPU.ActiveCfg = Release|Any CPU
		{0329415D-5F0D-41ED-A9B1-A01E3673C96B}.Release|Any CPU.Build.0 = Release|Any CPU
		{EF7A653A-490A-48BB-8891-87D50ABAD496}.Debug|Any CPU.ActiveCfg = Debug|Any CPU
		{EF7A653A-490A-48BB-8891-87D50ABAD496}.Debug|Any CPU.Build.0 = Debug|Any CPU
		{EF7A653A-490A-48BB-8891-87D50ABAD496}.Release|Any CPU.ActiveCfg = Release|Any CPU
		{EF7A653A-490A-48BB-8891-87D50ABAD496}.Release|Any CPU.Build.0 = Release|Any CPU
	EndGlobalSection
	GlobalSection(SolutionProperties) = preSolution
		HideSolutionNode = FALSE
	EndGlobalSection
	GlobalSection(NestedProjects) = preSolution
		{522B8D60-39DD-4772-A319-D997637DFE40} = {B7B14343-B28A-4AD6-9AE7-D32DAF9D4979}
		{5796251B-B46F-428F-A989-81582AB63ACD} = {B7B14343-B28A-4AD6-9AE7-D32DAF9D4979}
		{4EA377C5-68E2-4658-A08C-9DD7445CFFF9} = {B7B14343-B28A-4AD6-9AE7-D32DAF9D4979}
		{05677CD5-091F-4693-85A5-15F5D94D1E84} = {5796251B-B46F-428F-A989-81582AB63ACD}
		{940A98E9-C3F3-4A96-BD34-F3201D5286E9} = {5796251B-B46F-428F-A989-81582AB63ACD}
		{C7ECB6A6-87EC-4C44-85BF-A74A124B214F} = {5796251B-B46F-428F-A989-81582AB63ACD}
		{44E9306D-1547-4CC4-996F-0969335BD35A} = {5796251B-B46F-428F-A989-81582AB63ACD}
		{1AE82C1C-5DFA-43BA-B732-09C4A85BC32B} = {5796251B-B46F-428F-A989-81582AB63ACD}
		{B738F5DC-AA15-4AE9-86F2-10D46EFCFBA8} = {B7B14343-B28A-4AD6-9AE7-D32DAF9D4979}
		{5DD31159-3CD8-4FB6-9F02-1961478B1954} = {5796251B-B46F-428F-A989-81582AB63ACD}
		{26FE1ED9-46A9-4A40-B873-8D0644FB5830} = {522B8D60-39DD-4772-A319-D997637DFE40}
		{2741FE8F-9AA2-4EAB-B43D-D43CCFCFD1F4} = {B738F5DC-AA15-4AE9-86F2-10D46EFCFBA8}
		{0DE6A719-8E7C-4F88-AC34-3EAA7E7DBD7E} = {B738F5DC-AA15-4AE9-86F2-10D46EFCFBA8}
		{5C03D732-B8CB-4C52-BB9A-E3986ED18162} = {B738F5DC-AA15-4AE9-86F2-10D46EFCFBA8}
		{42E1F991-548D-4634-8935-B7F714EA3759} = {B738F5DC-AA15-4AE9-86F2-10D46EFCFBA8}
		{ACEE1520-2A80-4D8B-AB95-1DA674B0376D} = {B738F5DC-AA15-4AE9-86F2-10D46EFCFBA8}
		{05792123-7D2B-458A-A5E7-EC2CC318C5E3} = {2741FE8F-9AA2-4EAB-B43D-D43CCFCFD1F4}
		{4854FE39-CD23-4D7D-BF8D-151C2034F80E} = {0DE6A719-8E7C-4F88-AC34-3EAA7E7DBD7E}
		{E1A187C3-1FCA-4414-8295-C7C4BC7C5A76} = {5C03D732-B8CB-4C52-BB9A-E3986ED18162}
		{47062599-FA0F-443E-B75F-EC658ECAD863} = {42E1F991-548D-4634-8935-B7F714EA3759}
		{0363B48F-E486-43ED-A22E-9A0CA4B8F111} = {ACEE1520-2A80-4D8B-AB95-1DA674B0376D}
		{8B3D01EF-62BB-4E75-AA22-E75351FB8760} = {4EA377C5-68E2-4658-A08C-9DD7445CFFF9}
		{F93E2DEA-32E3-43DB-A58B-6D7021B7FFD2} = {8B3D01EF-62BB-4E75-AA22-E75351FB8760}
		{91072E93-CB01-4027-9A8C-342B9CCABE25} = {44E9306D-1547-4CC4-996F-0969335BD35A}
		{F3311CD8-2880-4725-8842-0C30B8CC8C1E} = {940A98E9-C3F3-4A96-BD34-F3201D5286E9}
		{4445846E-5B73-4A57-A44A-515E725775E5} = {1AE82C1C-5DFA-43BA-B732-09C4A85BC32B}
		{2900CF3A-091B-4078-BAD2-68D0CA775BAE} = {C7ECB6A6-87EC-4C44-85BF-A74A124B214F}
		{0329415D-5F0D-41ED-A9B1-A01E3673C96B} = {05677CD5-091F-4693-85A5-15F5D94D1E84}
		{EF7A653A-490A-48BB-8891-87D50ABAD496} = {5DD31159-3CD8-4FB6-9F02-1961478B1954}
	EndGlobalSection
	GlobalSection(ExtensibilityGlobals) = postSolution
		SolutionGuid = {23F6EF75-8F71-419B-B1AE-783958F4DC06}
	EndGlobalSection
EndGlobal
