
Microsoft Visual Studio Solution File, Format Version 12.00
# Visual Studio Version 17
VisualStudioVersion = 17.0.32014.148
MinimumVisualStudioVersion = 10.0.40219.1
Project("{2150E333-8FDC-42A3-9474-1A3956D46DE8}") = "src", "src", "{B7B14343-B28A-4AD6-9AE7-D32DAF9D4979}"
EndProject
Project("{2150E333-8FDC-42A3-9474-1A3956D46DE8}") = "tests", "tests", "{FB86AA03-E8A2-4818-AF23-306BF46D033A}"
EndProject
Project("{2150E333-8FDC-42A3-9474-1A3956D46DE8}") = "ApiGateways", "ApiGateways", "{522B8D60-39DD-4772-A319-D997637DFE40}"
EndProject
Project("{2150E333-8FDC-42A3-9474-1A3956D46DE8}") = "Services", "Services", "{5796251B-B46F-428F-A989-81582AB63ACD}"
EndProject
Project("{2150E333-8FDC-42A3-9474-1A3956D46DE8}") = "WebApps", "WebApps", "{4EA377C5-68E2-4658-A08C-9DD7445CFFF9}"
EndProject
Project("{2150E333-8FDC-42A3-9474-1A3956D46DE8}") = "Product", "Product", "{05677CD5-091F-4693-85A5-15F5D94D1E84}"
EndProject
Project("{2150E333-8FDC-42A3-9474-1A3956D46DE8}") = "Customer", "Customer", "{940A98E9-C3F3-4A96-BD34-F3201D5286E9}"
EndProject
Project("{2150E333-8FDC-42A3-9474-1A3956D46DE8}") = "Ordering", "Ordering", "{C7ECB6A6-87EC-4C44-85BF-A74A124B214F}"
EndProject
Project("{2150E333-8FDC-42A3-9474-1A3956D46DE8}") = "Basket", "Basket", "{44E9306D-1547-4CC4-996F-0969335BD35A}"
EndProject
Project("{2150E333-8FDC-42A3-9474-1A3956D46DE8}") = "Inventory", "Inventory", "{1AE82C1C-5DFA-43BA-B732-09C4A85BC32B}"
EndProject
Project("{FAE04EC0-301F-11D3-BF4B-00C04F79EFBC}") = "WebHealthStatus", "WebApps\WebHealthStatus\WebHealthStatus.csproj", "{D2A283D4-4420-4651-9251-34CDEE42108B}"
EndProject
Project("{2150E333-8FDC-42A3-9474-1A3956D46DE8}") = "BuildingBlocks", "BuildingBlocks", "{B738F5DC-AA15-4AE9-86F2-10D46EFCFBA8}"
EndProject
Project("{FAE04EC0-301F-11D3-BF4B-00C04F79EFBC}") = "Common.Logging", "BuildingBlocks\Common.Logging\Common.Logging.csproj", "{8313EA00-490C-4FF9-96DB-BCE8D4768CDA}"
EndProject
Project("{FAE04EC0-301F-11D3-BF4B-00C04F79EFBC}") = "EventBus.Messages", "BuildingBlocks\EventBus.Messages\EventBus.Messages.csproj", "{0C7CD25F-305D-4B48-AD50-2A5051038F82}"
EndProject
Project("{FAE04EC0-301F-11D3-BF4B-00C04F79EFBC}") = "Basket.API", "Services\Basket\Basket.API\Basket.API.csproj", "{A11C18B7-EEAA-41D0-AEAE-605586D0460F}"
EndProject
Project("{FAE04EC0-301F-11D3-BF4B-00C04F79EFBC}") = "Customer.API", "Services\Customer\Customer.API\Customer.API.csproj", "{9336D18A-9A93-4831-A7F5-AAC407CB5007}"
EndProject
Project("{FAE04EC0-301F-11D3-BF4B-00C04F79EFBC}") = "Inventory.Product.API", "Services\Inventory\Inventory.Product.API\Inventory.Product.API.csproj", "{F068F21B-8528-4ED0-8792-2963E3125213}"
EndProject
Project("{FAE04EC0-301F-11D3-BF4B-00C04F79EFBC}") = "Ordering.API", "Services\Ordering\Ordering.API\Ordering.API.csproj", "{C5B8FBBF-6D71-42B7-9919-F9908948657B}"
EndProject
Project("{FAE04EC0-301F-11D3-BF4B-00C04F79EFBC}") = "Product.API", "Services\Product\Product.API\Product.API.csproj", "{3B1C7223-547A-403A-AF55-A493BFF806EF}"
EndProject
Project("{2150E333-8FDC-42A3-9474-1A3956D46DE8}") = "ScheduledJob", "ScheduledJob", "{5DD31159-3CD8-4FB6-9F02-1961478B1954}"
EndProject
Project("{FAE04EC0-301F-11D3-BF4B-00C04F79EFBC}") = "Hangfire.API", "Services\ScheduledJob\Hangfire.API\Hangfire.API.csproj", "{A2A27E99-3445-4E1A-9844-5C9495C431C3}"
EndProject
Project("{FAE04EC0-301F-11D3-BF4B-00C04F79EFBC}") = "Contracts", "BuildingBlocks\Contracts\Contracts.csproj", "{4E83829F-C913-433D-8682-10DFAD10407C}"
EndProject
Project("{FAE04EC0-301F-11D3-BF4B-00C04F79EFBC}") = "Infrastructure", "BuildingBlocks\Infrastructure\Infrastructure.csproj", "{8C883B94-6548-4A2D-BB79-FD8CE4EC430C}"
EndProject
Project("{FAE04EC0-301F-11D3-BF4B-00C04F79EFBC}") = "Shared", "BuildingBlocks\Shared\Shared.csproj", "{F34086D5-9623-4C45-A501-ED010A370001}"
EndProject
Project("{FAE04EC0-301F-11D3-BF4B-00C04F79EFBC}") = "OcelotApiGetways", "ApiGetways\OcelotApiGetways\OcelotApiGetways.csproj", "{0C783144-64C4-4B0B-A951-E6C2D86B6B63}"
EndProject
Global
	GlobalSection(SolutionConfigurationPlatforms) = preSolution
		Debug|Any CPU = Debug|Any CPU
		Release|Any CPU = Release|Any CPU
	EndGlobalSection
	GlobalSection(ProjectConfigurationPlatforms) = postSolution
		{D2A283D4-4420-4651-9251-34CDEE42108B}.Debug|Any CPU.ActiveCfg = Debug|Any CPU
		{D2A283D4-4420-4651-9251-34CDEE42108B}.Debug|Any CPU.Build.0 = Debug|Any CPU
		{D2A283D4-4420-4651-9251-34CDEE42108B}.Release|Any CPU.ActiveCfg = Release|Any CPU
		{D2A283D4-4420-4651-9251-34CDEE42108B}.Release|Any CPU.Build.0 = Release|Any CPU
		{8313EA00-490C-4FF9-96DB-BCE8D4768CDA}.Debug|Any CPU.ActiveCfg = Debug|Any CPU
		{8313EA00-490C-4FF9-96DB-BCE8D4768CDA}.Debug|Any CPU.Build.0 = Debug|Any CPU
		{8313EA00-490C-4FF9-96DB-BCE8D4768CDA}.Release|Any CPU.ActiveCfg = Release|Any CPU
		{8313EA00-490C-4FF9-96DB-BCE8D4768CDA}.Release|Any CPU.Build.0 = Release|Any CPU
		{0C7CD25F-305D-4B48-AD50-2A5051038F82}.Debug|Any CPU.ActiveCfg = Debug|Any CPU
		{0C7CD25F-305D-4B48-AD50-2A5051038F82}.Debug|Any CPU.Build.0 = Debug|Any CPU
		{0C7CD25F-305D-4B48-AD50-2A5051038F82}.Release|Any CPU.ActiveCfg = Release|Any CPU
		{0C7CD25F-305D-4B48-AD50-2A5051038F82}.Release|Any CPU.Build.0 = Release|Any CPU
		{A11C18B7-EEAA-41D0-AEAE-605586D0460F}.Debug|Any CPU.ActiveCfg = Debug|Any CPU
		{A11C18B7-EEAA-41D0-AEAE-605586D0460F}.Debug|Any CPU.Build.0 = Debug|Any CPU
		{A11C18B7-EEAA-41D0-AEAE-605586D0460F}.Release|Any CPU.ActiveCfg = Release|Any CPU
		{A11C18B7-EEAA-41D0-AEAE-605586D0460F}.Release|Any CPU.Build.0 = Release|Any CPU
		{9336D18A-9A93-4831-A7F5-AAC407CB5007}.Debug|Any CPU.ActiveCfg = Debug|Any CPU
		{9336D18A-9A93-4831-A7F5-AAC407CB5007}.Debug|Any CPU.Build.0 = Debug|Any CPU
		{9336D18A-9A93-4831-A7F5-AAC407CB5007}.Release|Any CPU.ActiveCfg = Release|Any CPU
		{9336D18A-9A93-4831-A7F5-AAC407CB5007}.Release|Any CPU.Build.0 = Release|Any CPU
		{F068F21B-8528-4ED0-8792-2963E3125213}.Debug|Any CPU.ActiveCfg = Debug|Any CPU
		{F068F21B-8528-4ED0-8792-2963E3125213}.Debug|Any CPU.Build.0 = Debug|Any CPU
		{F068F21B-8528-4ED0-8792-2963E3125213}.Release|Any CPU.ActiveCfg = Release|Any CPU
		{F068F21B-8528-4ED0-8792-2963E3125213}.Release|Any CPU.Build.0 = Release|Any CPU
		{C5B8FBBF-6D71-42B7-9919-F9908948657B}.Debug|Any CPU.ActiveCfg = Debug|Any CPU
		{C5B8FBBF-6D71-42B7-9919-F9908948657B}.Debug|Any CPU.Build.0 = Debug|Any CPU
		{C5B8FBBF-6D71-42B7-9919-F9908948657B}.Release|Any CPU.ActiveCfg = Release|Any CPU
		{C5B8FBBF-6D71-42B7-9919-F9908948657B}.Release|Any CPU.Build.0 = Release|Any CPU
		{3B1C7223-547A-403A-AF55-A493BFF806EF}.Debug|Any CPU.ActiveCfg = Debug|Any CPU
		{3B1C7223-547A-403A-AF55-A493BFF806EF}.Debug|Any CPU.Build.0 = Debug|Any CPU
		{3B1C7223-547A-403A-AF55-A493BFF806EF}.Release|Any CPU.ActiveCfg = Release|Any CPU
		{3B1C7223-547A-403A-AF55-A493BFF806EF}.Release|Any CPU.Build.0 = Release|Any CPU
		{A2A27E99-3445-4E1A-9844-5C9495C431C3}.Debug|Any CPU.ActiveCfg = Debug|Any CPU
		{A2A27E99-3445-4E1A-9844-5C9495C431C3}.Debug|Any CPU.Build.0 = Debug|Any CPU
		{A2A27E99-3445-4E1A-9844-5C9495C431C3}.Release|Any CPU.ActiveCfg = Release|Any CPU
		{A2A27E99-3445-4E1A-9844-5C9495C431C3}.Release|Any CPU.Build.0 = Release|Any CPU
		{4E83829F-C913-433D-8682-10DFAD10407C}.Debug|Any CPU.ActiveCfg = Debug|Any CPU
		{4E83829F-C913-433D-8682-10DFAD10407C}.Debug|Any CPU.Build.0 = Debug|Any CPU
		{4E83829F-C913-433D-8682-10DFAD10407C}.Release|Any CPU.ActiveCfg = Release|Any CPU
		{4E83829F-C913-433D-8682-10DFAD10407C}.Release|Any CPU.Build.0 = Release|Any CPU
		{8C883B94-6548-4A2D-BB79-FD8CE4EC430C}.Debug|Any CPU.ActiveCfg = Debug|Any CPU
		{8C883B94-6548-4A2D-BB79-FD8CE4EC430C}.Debug|Any CPU.Build.0 = Debug|Any CPU
		{8C883B94-6548-4A2D-BB79-FD8CE4EC430C}.Release|Any CPU.ActiveCfg = Release|Any CPU
		{8C883B94-6548-4A2D-BB79-FD8CE4EC430C}.Release|Any CPU.Build.0 = Release|Any CPU
		{F34086D5-9623-4C45-A501-ED010A370001}.Debug|Any CPU.ActiveCfg = Debug|Any CPU
		{F34086D5-9623-4C45-A501-ED010A370001}.Debug|Any CPU.Build.0 = Debug|Any CPU
		{F34086D5-9623-4C45-A501-ED010A370001}.Release|Any CPU.ActiveCfg = Release|Any CPU
		{F34086D5-9623-4C45-A501-ED010A370001}.Release|Any CPU.Build.0 = Release|Any CPU
		{0C783144-64C4-4B0B-A951-E6C2D86B6B63}.Debug|Any CPU.ActiveCfg = Debug|Any CPU
		{0C783144-64C4-4B0B-A951-E6C2D86B6B63}.Debug|Any CPU.Build.0 = Debug|Any CPU
		{0C783144-64C4-4B0B-A951-E6C2D86B6B63}.Release|Any CPU.ActiveCfg = Release|Any CPU
		{0C783144-64C4-4B0B-A951-E6C2D86B6B63}.Release|Any CPU.Build.0 = Release|Any CPU
	EndGlobalSection
	GlobalSection(SolutionProperties) = preSolution
		HideSolutionNode = FALSE
	EndGlobalSection
	GlobalSection(NestedProjects) = preSolution
		{522B8D60-39DD-4772-A319-D997637DFE40} = {B7B14343-B28A-4AD6-9AE7-D32DAF9D4979}
		{5796251B-B46F-428F-A989-81582AB63ACD} = {B7B14343-B28A-4AD6-9AE7-D32DAF9D4979}
		{4EA377C5-68E2-4658-A08C-9DD7445CFFF9} = {B7B14343-B28A-4AD6-9AE7-D32DAF9D4979}
		{05677CD5-091F-4693-85A5-15F5D94D1E84} = {5796251B-B46F-428F-A989-81582AB63ACD}
		{940A98E9-C3F3-4A96-BD34-F3201D5286E9} = {5796251B-B46F-428F-A989-81582AB63ACD}
		{C7ECB6A6-87EC-4C44-85BF-A74A124B214F} = {5796251B-B46F-428F-A989-81582AB63ACD}
		{44E9306D-1547-4CC4-996F-0969335BD35A} = {5796251B-B46F-428F-A989-81582AB63ACD}
		{1AE82C1C-5DFA-43BA-B732-09C4A85BC32B} = {5796251B-B46F-428F-A989-81582AB63ACD}
		{D2A283D4-4420-4651-9251-34CDEE42108B} = {4EA377C5-68E2-4658-A08C-9DD7445CFFF9}
		{B738F5DC-AA15-4AE9-86F2-10D46EFCFBA8} = {B7B14343-B28A-4AD6-9AE7-D32DAF9D4979}
		{8313EA00-490C-4FF9-96DB-BCE8D4768CDA} = {B738F5DC-AA15-4AE9-86F2-10D46EFCFBA8}
		{0C7CD25F-305D-4B48-AD50-2A5051038F82} = {B738F5DC-AA15-4AE9-86F2-10D46EFCFBA8}
		{A11C18B7-EEAA-41D0-AEAE-605586D0460F} = {44E9306D-1547-4CC4-996F-0969335BD35A}
		{9336D18A-9A93-4831-A7F5-AAC407CB5007} = {940A98E9-C3F3-4A96-BD34-F3201D5286E9}
		{F068F21B-8528-4ED0-8792-2963E3125213} = {1AE82C1C-5DFA-43BA-B732-09C4A85BC32B}
		{C5B8FBBF-6D71-42B7-9919-F9908948657B} = {C7ECB6A6-87EC-4C44-85BF-A74A124B214F}
		{3B1C7223-547A-403A-AF55-A493BFF806EF} = {05677CD5-091F-4693-85A5-15F5D94D1E84}
		{5DD31159-3CD8-4FB6-9F02-1961478B1954} = {5796251B-B46F-428F-A989-81582AB63ACD}
		{A2A27E99-3445-4E1A-9844-5C9495C431C3} = {5DD31159-3CD8-4FB6-9F02-1961478B1954}
		{4E83829F-C913-433D-8682-10DFAD10407C} = {B738F5DC-AA15-4AE9-86F2-10D46EFCFBA8}
		{8C883B94-6548-4A2D-BB79-FD8CE4EC430C} = {B738F5DC-AA15-4AE9-86F2-10D46EFCFBA8}
		{F34086D5-9623-4C45-A501-ED010A370001} = {B738F5DC-AA15-4AE9-86F2-10D46EFCFBA8}
		{0C783144-64C4-4B0B-A951-E6C2D86B6B63} = {522B8D60-39DD-4772-A319-D997637DFE40}
	EndGlobalSection
	GlobalSection(ExtensibilityGlobals) = postSolution
		SolutionGuid = {23F6EF75-8F71-419B-B1AE-783958F4DC06}
	EndGlobalSection
EndGlobal
